{
  "name": "mira-monorepo",
  "version": "1.0.0",
  "lockfileVersion": 3,
  "requires": true,
  "packages": {
    "": {
      "name": "mira-monorepo",
      "version": "1.0.0",
      "license": "MIT",
      "devDependencies": {
        "turbo": "^1.12.4",
        "typescript": "^5.3.3"
      }
    }
  }
}
